
Microsoft Visual Studio Solution File, Format Version 12.00
# Visual Studio Version 16
VisualStudioVersion = 16.0.31624.102
MinimumVisualStudioVersion = 10.0.40219.1
Project("{FAE04EC0-301F-11D3-BF4B-00C04F79EFBC}") = "HUD_V1.1", "HUD_V1.1\HUD_V1.1.csproj", "{31BDC91E-FEE1-44F1-95C5-F4F110E82276}"
EndProject
Global
	GlobalSection(SolutionConfigurationPlatforms) = preSolution
		Debug|Any CPU = Debug|Any CPU
		Release|Any CPU = Release|Any CPU
	EndGlobalSection
	GlobalSection(ProjectConfigurationPlatforms) = postSolution
		{31BDC91E-FEE1-44F1-95C5-F4F110E82276}.Debug|Any CPU.ActiveCfg = Debug|Any CPU
		{31BDC91E-FEE1-44F1-95C5-F4F110E82276}.Debug|Any CPU.Build.0 = Debug|Any CPU
		{31BDC91E-FEE1-44F1-95C5-F4F110E82276}.Release|Any CPU.ActiveCfg = Release|Any CPU
		{31BDC91E-FEE1-44F1-95C5-F4F110E82276}.Release|Any CPU.Build.0 = Release|Any CPU
	EndGlobalSection
	GlobalSection(SolutionProperties) = preSolution
		HideSolutionNode = FALSE
	EndGlobalSection
	GlobalSection(ExtensibilityGlobals) = postSolution
		SolutionGuid = {08161A5B-5481-40DA-AE4F-5794ED13A8BE}
	EndGlobalSection
EndGlobal
